
Microsoft Visual Studio Solution File, Format Version 12.00
# Visual Studio Version 17
VisualStudioVersion = 17.4.33213.308
MinimumVisualStudioVersion = 10.0.40219.1
Project("{FAE04EC0-301F-11D3-BF4B-00C04F79EFBC}") = "LoanCalc", "LoanCalc\LoanCalc.csproj", "{0CAF5AF6-D5AB-4909-8A5F-2D9E7F1164EC}"
EndProject
Global
	GlobalSection(SolutionConfigurationPlatforms) = preSolution
		Debug|Any CPU = Debug|Any CPU
		Release|Any CPU = Release|Any CPU
	EndGlobalSection
	GlobalSection(ProjectConfigurationPlatforms) = postSolution
		{0CAF5AF6-D5AB-4909-8A5F-2D9E7F1164EC}.Debug|Any CPU.ActiveCfg = Debug|Any CPU
		{0CAF5AF6-D5AB-4909-8A5F-2D9E7F1164EC}.Debug|Any CPU.Build.0 = Debug|Any CPU
		{0CAF5AF6-D5AB-4909-8A5F-2D9E7F1164EC}.Release|Any CPU.ActiveCfg = Release|Any CPU
		{0CAF5AF6-D5AB-4909-8A5F-2D9E7F1164EC}.Release|Any CPU.Build.0 = Release|Any CPU
	EndGlobalSection
	GlobalSection(SolutionProperties) = preSolution
		HideSolutionNode = FALSE
	EndGlobalSection
	GlobalSection(ExtensibilityGlobals) = postSolution
		SolutionGuid = {AF2D7F6F-83D6-41A5-8100-9E93FDF3C3E2}
	EndGlobalSection
EndGlobal
